
Microsoft Visual Studio Solution File, Format Version 12.00
# Visual Studio 2012
Project("{FAE04EC0-301F-11D3-BF4B-00C04F79EFBC}") = "FirstDemo_IOS", "FirstDemo_IOS\FirstDemo_IOS.csproj", "{1FC5F820-465A-4436-A019-46CF6944B7D0}"
EndProject
Global
	GlobalSection(SolutionConfigurationPlatforms) = preSolution
		Debug|iPhoneSimulator = Debug|iPhoneSimulator
		Release|iPhoneSimulator = Release|iPhoneSimulator
		Debug|iPhone = Debug|iPhone
		Release|iPhone = Release|iPhone
		Ad-Hoc|iPhone = Ad-Hoc|iPhone
		AppStore|iPhone = AppStore|iPhone
	EndGlobalSection
	GlobalSection(ProjectConfigurationPlatforms) = postSolution
		{1FC5F820-465A-4436-A019-46CF6944B7D0}.Ad-Hoc|iPhone.ActiveCfg = Ad-Hoc|iPhone
		{1FC5F820-465A-4436-A019-46CF6944B7D0}.Ad-Hoc|iPhone.Build.0 = Ad-Hoc|iPhone
		{1FC5F820-465A-4436-A019-46CF6944B7D0}.AppStore|iPhone.ActiveCfg = AppStore|iPhone
		{1FC5F820-465A-4436-A019-46CF6944B7D0}.AppStore|iPhone.Build.0 = AppStore|iPhone
		{1FC5F820-465A-4436-A019-46CF6944B7D0}.Debug|iPhone.ActiveCfg = Debug|iPhone
		{1FC5F820-465A-4436-A019-46CF6944B7D0}.Debug|iPhone.Build.0 = Debug|iPhone
		{1FC5F820-465A-4436-A019-46CF6944B7D0}.Debug|iPhoneSimulator.ActiveCfg = Debug|iPhoneSimulator
		{1FC5F820-465A-4436-A019-46CF6944B7D0}.Debug|iPhoneSimulator.Build.0 = Debug|iPhoneSimulator
		{1FC5F820-465A-4436-A019-46CF6944B7D0}.Release|iPhone.ActiveCfg = Release|iPhone
		{1FC5F820-465A-4436-A019-46CF6944B7D0}.Release|iPhone.Build.0 = Release|iPhone
		{1FC5F820-465A-4436-A019-46CF6944B7D0}.Release|iPhoneSimulator.ActiveCfg = Release|iPhoneSimulator
		{1FC5F820-465A-4436-A019-46CF6944B7D0}.Release|iPhoneSimulator.Build.0 = Release|iPhoneSimulator
	EndGlobalSection
EndGlobal
